github.com/google/go-cmp v0.5.8 h1:e6P7q2lk1O+qJJb4BtCQXlK8vWEO8V1ZeuEdJNOqZyg=
github.com/google/go-cmp v0.5.8/go.mod h1:17dUlkBOakJ0+DkrSSNjCkIjxS6bF9zb3elmeNGIjoY=
github.com/mattn/go-sqlite3 v1.14.13 h1:1tj15ngiFfcZzii7yd82foL+ks+ouQcj8j/TPq3fk1I=
github.com/mattn/go-sqlite3 v1.14.13/go.mod h1:NyWgC/yNuGj7Q9rpYnZvas74GogHl5/Z4A/KQRfk6bU=
golang.org/x/exp v0.0.0-20220602145555-4a0574d9293f h1:KK6mxegmt5hGJRcAnEDjSNLxIRhZxDcgwMbcO/lMCRM=
golang.org/x/exp v0.0.0-20220602145555-4a0574d9293f/go.mod h1:yh0Ynu2b5ZUe3MQfp2nM0ecK7wsgouWTDN0FNeJuIys=
